{
  "version": 4,
  "terraform_version": "1.9.8",
  "serial": 21,
  "lineage": "e3d05da3-9987-ab7e-85f3-9517e3918270",
  "outputs": {
    "ip_configuration": {
      "value": "51.145.167.95",
      "type": "string"
    }
  },
  "resources": [
    {
      "module": "module.azurerm_linux_virtual_machine",
      "mode": "managed",
      "type": "azurerm_linux_virtual_machine",
      "name": "myvm",
      "provider": "module.azurerm_linux_virtual_machine.provider[\"registry.terraform.io/hashicorp/azurerm\"]",
      "instances": [
        {
          "schema_version": 0,
          "attributes": {
            "additional_capabilities": [],
            "admin_password": null,
            "admin_ssh_key": [
              {
                "public_key": "ssh-rsa AAAAB3NzaC1yc2EAAAADAQABAAACAQDBxIFxqA2FPcVgVMmgAZW4k7XVsi/2fpC/0g3JxcTlGryntIdS0se7WQOMiPPWV6fdKC7RvspEdaQfPhcPt60gIOKoTrKbn8cXmQUO38jofK4RCNFPJLTJp5oEDpvfC1DHLr5bUwxQZjDr5rlDUhWgCaAkWnd0AvFUcAJG7Bj6B9P7pfrmOaN56PA3+drU299bvqzAi41BtIMmSqil6UPa/IW6ZqZLNpBDUCrdzV5OqavDxx0vUc9zeD6h3Lkz+Ws35tB27gxosnin6oC16QQusilmJKwSd5GyowRsAIopGgXQThLD/TIYrMMKBoToJiLXdqF2K61NadrU4clc/S+4ZMsEx41hFXHlf3UCV9HNHCehNCz/IylwCWpot8xKzr3RdHF/V3gujkwmbuv3F8ItUiSr5HRnlXxO+8meVQ/MCeVUja11tuB8JC1zV88ca3X01ZZ5/ddRsiU09YKUomB2T+2AqUkrKCDkEP7Z0OYxYH7fc46TM4EnMPZso+Ipby2ccskMECO34EETC9tETaGbRyxcCtN6yQVOItEEP/EDEopFbDnQhaLc69m5W+n15Nc8cfD5bVs5cEj0MixspkKxV3+FnYgR8Hhx6e9KyT5HHi/jt00k+Y0gnCpI1ju/gkS2Fs9b0VkaRoOyJufZCTxcDB0tKQFPCsWdP8iUwrYXEw== jaheer16@outlook.com\r\n",
                "username": "adminuser"
              }
            ],
            "admin_username": "adminuser",
            "allow_extension_operations": true,
            "availability_set_id": "",
            "boot_diagnostics": [],
            "computer_name": "azdevvm1",
            "custom_data": null,
            "dedicated_host_group_id": "",
            "dedicated_host_id": "",
            "disable_password_authentication": true,
            "edge_zone": "",
            "encryption_at_host_enabled": false,
            "eviction_policy": "",
            "extensions_time_budget": "PT1H30M",
            "id": "/subscriptions/4e6fdddc-b8bd-4db6-88bb-c2b7b97243c2/resourceGroups/az_dev_rg/providers/Microsoft.Compute/virtualMachines/azdevvm1",
            "identity": [],
            "license_type": "",
            "location": "westeurope",
            "max_bid_price": -1,
            "name": "azdevvm1",
            "network_interface_ids": [
              "/subscriptions/4e6fdddc-b8bd-4db6-88bb-c2b7b97243c2/resourceGroups/az_dev_rg/providers/Microsoft.Network/networkInterfaces/az_dev_networkinterface"
            ],
            "os_disk": [
              {
                "caching": "ReadWrite",
                "diff_disk_settings": [],
                "disk_encryption_set_id": "",
                "disk_size_gb": 30,
                "name": "azdevvm1_disk1_fd6adb59fa2a4e1d8c75cb5ccdca6b60",
                "storage_account_type": "Standard_LRS",
                "write_accelerator_enabled": false
              }
            ],
            "patch_mode": "ImageDefault",
            "plan": [],
            "platform_fault_domain": -1,
            "priority": "Regular",
            "private_ip_address": "10.0.2.4",
            "private_ip_addresses": [
              "10.0.2.4"
            ],
            "provision_vm_agent": true,
            "proximity_placement_group_id": "",
            "public_ip_address": "51.145.167.95",
            "public_ip_addresses": [
              "51.145.167.95"
            ],
            "resource_group_name": "az_dev_rg",
            "secret": [],
            "secure_boot_enabled": false,
            "size": "Standard_F2",
            "source_image_id": "",
            "source_image_reference": [
              {
                "offer": "0001-com-ubuntu-server-jammy",
                "publisher": "Canonical",
                "sku": "22_04-lts",
                "version": "latest"
              }
            ],
            "tags": null,
            "termination_notification": null,
            "timeouts": null,
            "user_data": "",
            "virtual_machine_id": "55c98f6f-d39b-4b45-81ca-ef29685f9f82",
            "virtual_machine_scale_set_id": "",
            "vtpm_enabled": false,
            "zone": ""
          },
          "sensitive_attributes": [
            [
              {
                "type": "get_attr",
                "value": "custom_data"
              }
            ],
            [
              {
                "type": "get_attr",
                "value": "admin_password"
              }
            ]
          ],
          "private": "eyJlMmJmYjczMC1lY2FhLTExZTYtOGY4OC0zNDM2M2JjN2M0YzAiOnsiY3JlYXRlIjoyNzAwMDAwMDAwMDAwLCJkZWxldGUiOjI3MDAwMDAwMDAwMDAsInJlYWQiOjMwMDAwMDAwMDAwMCwidXBkYXRlIjoyNzAwMDAwMDAwMDAwfX0=",
          "dependencies": [
            "module.azurerm_linux_virtual_machine.azurerm_network_interface.myinterface",
            "module.azurerm_linux_virtual_machine.azurerm_public_ip.my_terraform_public_ip",
            "module.azurerm_linux_virtual_machine.azurerm_resource_group.myrg",
            "module.azurerm_linux_virtual_machine.azurerm_subnet.mysubnet",
            "module.azurerm_linux_virtual_machine.azurerm_virtual_network.myvnet"
          ]
        }
      ]
    },
    {
      "module": "module.azurerm_linux_virtual_machine",
      "mode": "managed",
      "type": "azurerm_network_interface",
      "name": "myinterface",
      "provider": "module.azurerm_linux_virtual_machine.provider[\"registry.terraform.io/hashicorp/azurerm\"]",
      "instances": [
        {
          "schema_version": 0,
          "attributes": {
            "applied_dns_servers": [],
            "dns_servers": [],
            "edge_zone": "",
            "enable_accelerated_networking": false,
            "enable_ip_forwarding": false,
            "id": "/subscriptions/4e6fdddc-b8bd-4db6-88bb-c2b7b97243c2/resourceGroups/az_dev_rg/providers/Microsoft.Network/networkInterfaces/az_dev_networkinterface",
            "internal_dns_name_label": "",
            "internal_domain_name_suffix": "k4work2ci2xe3eqern4jggc14c.ax.internal.cloudapp.net",
            "ip_configuration": [
              {
                "gateway_load_balancer_frontend_ip_configuration_id": "",
                "name": "internal",
                "primary": true,
                "private_ip_address": "10.0.2.4",
                "private_ip_address_allocation": "Dynamic",
                "private_ip_address_version": "IPv4",
                "public_ip_address_id": "/subscriptions/4e6fdddc-b8bd-4db6-88bb-c2b7b97243c2/resourceGroups/az_dev_rg/providers/Microsoft.Network/publicIPAddresses/myPublicIP",
                "subnet_id": "/subscriptions/4e6fdddc-b8bd-4db6-88bb-c2b7b97243c2/resourceGroups/az_dev_rg/providers/Microsoft.Network/virtualNetworks/az_dev_vnet/subnets/az_dev_subnet1"
              }
            ],
            "location": "westeurope",
            "mac_address": "",
            "name": "az_dev_networkinterface",
            "private_ip_address": "10.0.2.4",
            "private_ip_addresses": [
              "10.0.2.4"
            ],
            "resource_group_name": "az_dev_rg",
            "tags": null,
            "timeouts": null,
            "virtual_machine_id": ""
          },
          "sensitive_attributes": [],
          "private": "eyJlMmJmYjczMC1lY2FhLTExZTYtOGY4OC0zNDM2M2JjN2M0YzAiOnsiY3JlYXRlIjoxODAwMDAwMDAwMDAwLCJkZWxldGUiOjE4MDAwMDAwMDAwMDAsInJlYWQiOjMwMDAwMDAwMDAwMCwidXBkYXRlIjoxODAwMDAwMDAwMDAwfX0=",
          "dependencies": [
            "module.azurerm_linux_virtual_machine.azurerm_public_ip.my_terraform_public_ip",
            "module.azurerm_linux_virtual_machine.azurerm_resource_group.myrg",
            "module.azurerm_linux_virtual_machine.azurerm_subnet.mysubnet",
            "module.azurerm_linux_virtual_machine.azurerm_virtual_network.myvnet"
          ]
        }
      ]
    },
    {
      "module": "module.azurerm_linux_virtual_machine",
      "mode": "managed",
      "type": "azurerm_public_ip",
      "name": "my_terraform_public_ip",
      "provider": "module.azurerm_linux_virtual_machine.provider[\"registry.terraform.io/hashicorp/azurerm\"]",
      "instances": [
        {
          "schema_version": 0,
          "attributes": {
            "allocation_method": "Dynamic",
            "domain_name_label": null,
            "edge_zone": "",
            "fqdn": null,
            "id": "/subscriptions/4e6fdddc-b8bd-4db6-88bb-c2b7b97243c2/resourceGroups/az_dev_rg/providers/Microsoft.Network/publicIPAddresses/myPublicIP",
            "idle_timeout_in_minutes": 4,
            "ip_address": "",
            "ip_tags": null,
            "ip_version": "IPv4",
            "location": "westeurope",
            "name": "myPublicIP",
            "public_ip_prefix_id": null,
            "resource_group_name": "az_dev_rg",
            "reverse_fqdn": null,
            "sku": "Basic",
            "sku_tier": "Regional",
            "tags": null,
            "timeouts": null,
            "zones": null
          },
          "sensitive_attributes": [],
          "private": "eyJlMmJmYjczMC1lY2FhLTExZTYtOGY4OC0zNDM2M2JjN2M0YzAiOnsiY3JlYXRlIjoxODAwMDAwMDAwMDAwLCJkZWxldGUiOjE4MDAwMDAwMDAwMDAsInJlYWQiOjMwMDAwMDAwMDAwMCwidXBkYXRlIjoxODAwMDAwMDAwMDAwfX0=",
          "dependencies": [
            "module.azurerm_linux_virtual_machine.azurerm_resource_group.myrg"
          ]
        }
      ]
    },
    {
      "module": "module.azurerm_linux_virtual_machine",
      "mode": "managed",
      "type": "azurerm_resource_group",
      "name": "myrg",
      "provider": "module.azurerm_linux_virtual_machine.provider[\"registry.terraform.io/hashicorp/azurerm\"]",
      "instances": [
        {
          "schema_version": 0,
          "attributes": {
            "id": "/subscriptions/4e6fdddc-b8bd-4db6-88bb-c2b7b97243c2/resourceGroups/az_dev_rg",
            "location": "westeurope",
            "name": "az_dev_rg",
            "tags": null,
            "timeouts": null
          },
          "sensitive_attributes": [],
          "private": "eyJlMmJmYjczMC1lY2FhLTExZTYtOGY4OC0zNDM2M2JjN2M0YzAiOnsiY3JlYXRlIjo1NDAwMDAwMDAwMDAwLCJkZWxldGUiOjU0MDAwMDAwMDAwMDAsInJlYWQiOjMwMDAwMDAwMDAwMCwidXBkYXRlIjo1NDAwMDAwMDAwMDAwfX0="
        }
      ]
    },
    {
      "module": "module.azurerm_linux_virtual_machine",
      "mode": "managed",
      "type": "azurerm_subnet",
      "name": "mysubnet",
      "provider": "module.azurerm_linux_virtual_machine.provider[\"registry.terraform.io/hashicorp/azurerm\"]",
      "instances": [
        {
          "schema_version": 0,
          "attributes": {
            "address_prefixes": [
              "10.0.2.0/24"
            ],
            "delegation": [],
            "enforce_private_link_endpoint_network_policies": false,
            "enforce_private_link_service_network_policies": false,
            "id": "/subscriptions/4e6fdddc-b8bd-4db6-88bb-c2b7b97243c2/resourceGroups/az_dev_rg/providers/Microsoft.Network/virtualNetworks/az_dev_vnet/subnets/az_dev_subnet1",
            "name": "az_dev_subnet1",
            "resource_group_name": "az_dev_rg",
            "service_endpoint_policy_ids": null,
            "service_endpoints": null,
            "timeouts": null,
            "virtual_network_name": "az_dev_vnet"
          },
          "sensitive_attributes": [],
          "private": "eyJlMmJmYjczMC1lY2FhLTExZTYtOGY4OC0zNDM2M2JjN2M0YzAiOnsiY3JlYXRlIjoxODAwMDAwMDAwMDAwLCJkZWxldGUiOjE4MDAwMDAwMDAwMDAsInJlYWQiOjMwMDAwMDAwMDAwMCwidXBkYXRlIjoxODAwMDAwMDAwMDAwfX0=",
          "dependencies": [
            "module.azurerm_linux_virtual_machine.azurerm_resource_group.myrg",
            "module.azurerm_linux_virtual_machine.azurerm_virtual_network.myvnet"
          ]
        }
      ]
    },
    {
      "module": "module.azurerm_linux_virtual_machine",
      "mode": "managed",
      "type": "azurerm_virtual_network",
      "name": "myvnet",
      "provider": "module.azurerm_linux_virtual_machine.provider[\"registry.terraform.io/hashicorp/azurerm\"]",
      "instances": [
        {
          "schema_version": 0,
          "attributes": {
            "address_space": [
              "10.0.0.0/16"
            ],
            "bgp_community": "",
            "ddos_protection_plan": [],
            "dns_servers": [],
            "edge_zone": "",
            "flow_timeout_in_minutes": 0,
            "guid": "abe8ac57-4782-4e2e-9204-8b7c93185bf2",
            "id": "/subscriptions/4e6fdddc-b8bd-4db6-88bb-c2b7b97243c2/resourceGroups/az_dev_rg/providers/Microsoft.Network/virtualNetworks/az_dev_vnet",
            "location": "westeurope",
            "name": "az_dev_vnet",
            "resource_group_name": "az_dev_rg",
            "subnet": [],
            "tags": null,
            "timeouts": null
          },
          "sensitive_attributes": [],
          "private": "eyJlMmJmYjczMC1lY2FhLTExZTYtOGY4OC0zNDM2M2JjN2M0YzAiOnsiY3JlYXRlIjoxODAwMDAwMDAwMDAwLCJkZWxldGUiOjE4MDAwMDAwMDAwMDAsInJlYWQiOjMwMDAwMDAwMDAwMCwidXBkYXRlIjoxODAwMDAwMDAwMDAwfX0=",
          "dependencies": [
            "module.azurerm_linux_virtual_machine.azurerm_resource_group.myrg"
          ]
        }
      ]
    }
  ],
  "check_results": null
}
